
Microsoft Visual Studio Solution File, Format Version 12.00
# Visual Studio 15
VisualStudioVersion = 15.0.28307.106
MinimumVisualStudioVersion = 10.0.40219.1
Project("{FAE04EC0-301F-11D3-BF4B-00C04F79EFBC}") = "UniversityBusinessCoop", "inz\UniversityBusinessCoop.csproj", "{1E41804B-7413-4F94-8E40-A5DE453ED511}"
EndProject
Project("{54435603-DBB4-11D2-8724-00A0C9A8B90C}") = "WebSetupInz", "WebSetupInz\WebSetupInz.vdproj", "{AE2CD6ED-ED89-4C85-BBAF-6211DF2F40B5}"
EndProject
Global
	GlobalSection(SolutionConfigurationPlatforms) = preSolution
		Debug|Any CPU = Debug|Any CPU
		Release|Any CPU = Release|Any CPU
	EndGlobalSection
	GlobalSection(ProjectConfigurationPlatforms) = postSolution
		{1E41804B-7413-4F94-8E40-A5DE453ED511}.Debug|Any CPU.ActiveCfg = Debug|Any CPU
		{1E41804B-7413-4F94-8E40-A5DE453ED511}.Debug|Any CPU.Build.0 = Debug|Any CPU
		{1E41804B-7413-4F94-8E40-A5DE453ED511}.Release|Any CPU.ActiveCfg = Release|Any CPU
		{1E41804B-7413-4F94-8E40-A5DE453ED511}.Release|Any CPU.Build.0 = Release|Any CPU
		{AE2CD6ED-ED89-4C85-BBAF-6211DF2F40B5}.Debug|Any CPU.ActiveCfg = Debug
		{AE2CD6ED-ED89-4C85-BBAF-6211DF2F40B5}.Release|Any CPU.ActiveCfg = Release
	EndGlobalSection
	GlobalSection(SolutionProperties) = preSolution
		HideSolutionNode = FALSE
	EndGlobalSection
	GlobalSection(ExtensibilityGlobals) = postSolution
		SolutionGuid = {A89154A0-9791-4C8D-9961-DC051F45A9E4}
	EndGlobalSection
EndGlobal
